
Microsoft Visual Studio Solution File, Format Version 11.00
# Visual Studio 2010
Project("{6141683F-8A12-4E36-9623-2EB02B2C2303}") = "setup", "setup.isproj", "{C388A716-1F26-4E9F-95E2-12A3F99FAABD}"
EndProject
Global
	GlobalSection(SolutionConfigurationPlatforms) = preSolution
		CD_ROM|Default = CD_ROM|Default
		DVD-5|Default = DVD-5|Default
		SingleImage|Default = SingleImage|Default
	EndGlobalSection
	GlobalSection(ProjectConfigurationPlatforms) = postSolution
		{C388A716-1F26-4E9F-95E2-12A3F99FAABD}.CD_ROM|Default.ActiveCfg = SingleImage
		{C388A716-1F26-4E9F-95E2-12A3F99FAABD}.CD_ROM|Default.Build.0 = SingleImage
		{C388A716-1F26-4E9F-95E2-12A3F99FAABD}.DVD-5|Default.ActiveCfg = DVD-5
		{C388A716-1F26-4E9F-95E2-12A3F99FAABD}.DVD-5|Default.Build.0 = DVD-5
		{C388A716-1F26-4E9F-95E2-12A3F99FAABD}.SingleImage|Default.ActiveCfg = SingleImage
		{C388A716-1F26-4E9F-95E2-12A3F99FAABD}.SingleImage|Default.Build.0 = SingleImage
	EndGlobalSection
	GlobalSection(SolutionProperties) = preSolution
		HideSolutionNode = FALSE
	EndGlobalSection
EndGlobal
